{
    "_readme": [
        "This file locks the dependencies of your project to a known state",
        "Read more about it at https://getcomposer.org/doc/01-basic-usage.md#installing-dependencies",
        "This file is @generated automatically"
    ],
    "content-hash": "05609b3807168f31b8efbbcd58d0fac2",
    "packages": [
        {
            "name": "aternos/codex",
            "version": "v1.3.0",
            "source": {
                "type": "git",
                "url": "https://github.com/aternosorg/codex.git",
                "reference": "b882ca0059cb147b2f7a6d5bf20aea23ed8bbd47"
            },
            "dist": {
                "type": "zip",
                "url": "https://api.github.com/repos/aternosorg/codex/zipball/b882ca0059cb147b2f7a6d5bf20aea23ed8bbd47",
                "reference": "b882ca0059cb147b2f7a6d5bf20aea23ed8bbd47",
                "shasum": ""
            },
            "require": {
                "php": ">=7.0.0"
            },
            "require-dev": {
                "phpunit/phpunit": "^7.5"
            },
            "type": "library",
            "autoload": {
                "psr-4": {
                    "Aternos\\Codex\\": "src/"
                }
            },
            "notification-url": "https://packagist.org/downloads/",
            "license": [
                "MIT"
            ],
            "authors": [
                {
                    "name": "Matthias Neid",
                    "email": "matthias@aternos.org"
                }
            ],
            "description": "PHP library to read, parse, print and analyse log files.",
            "support": {
                "issues": "https://github.com/aternosorg/codex/issues",
                "source": "https://github.com/aternosorg/codex/tree/v1.3.0"
            },
            "time": "2021-02-20T21:59:12+00:00"
        },
        {
            "name": "aternos/codex-minecraft",
            "version": "v1.5.1",
            "source": {
                "type": "git",
                "url": "https://github.com/aternosorg/codex-minecraft.git",
                "reference": "c7840ad15ca6c24a025249d4f79b2c065e69f61f"
            },
            "dist": {
                "type": "zip",
                "url": "https://api.github.com/repos/aternosorg/codex-minecraft/zipball/c7840ad15ca6c24a025249d4f79b2c065e69f61f",
                "reference": "c7840ad15ca6c24a025249d4f79b2c065e69f61f",
                "shasum": ""
            },
            "require": {
                "aternos/codex": "^1.3.0",
                "ext-json": "*",
                "php": ">=7.1.0"
            },
            "require-dev": {
                "phpunit/phpunit": "^7.5"
            },
            "type": "library",
            "autoload": {
                "psr-4": {
                    "Aternos\\Codex\\Minecraft\\": "src/"
                }
            },
            "notification-url": "https://packagist.org/downloads/",
            "license": [
                "MIT"
            ],
            "authors": [
                {
                    "name": "Matthias",
                    "email": "matthias@aternos.org"
                }
            ],
            "description": "PHP library to read, parse, print and analyse Minecraft server log files.",
            "support": {
                "issues": "https://github.com/aternosorg/codex-minecraft/issues",
                "source": "https://github.com/aternosorg/codex-minecraft/tree/v1.5.1"
            },
            "time": "2021-02-21T00:20:08+00:00"
        },
        {
            "name": "mongodb/mongodb",
            "version": "1.1.0",
            "source": {
                "type": "git",
                "url": "https://github.com/mongodb/mongo-php-library.git",
                "reference": "9dfb2c5fc917d7438b44eb8f4d247ba3e3984e75"
            },
            "dist": {
                "type": "zip",
                "url": "https://api.github.com/repos/mongodb/mongo-php-library/zipball/9dfb2c5fc917d7438b44eb8f4d247ba3e3984e75",
                "reference": "9dfb2c5fc917d7438b44eb8f4d247ba3e3984e75",
                "shasum": ""
            },
            "require": {
                "ext-mongodb": "^1.2.0",
                "php": ">=5.4"
            },
            "require-dev": {
                "phpunit/phpunit": "^4.8"
            },
            "type": "library",
            "extra": {
                "branch-alias": {
                    "dev-master": "1.1.x-dev"
                }
            },
            "autoload": {
                "psr-4": {
                    "MongoDB\\": "src/"
                },
                "files": [
                    "src/functions.php"
                ]
            },
            "notification-url": "https://packagist.org/downloads/",
            "license": [
                "Apache-2.0"
            ],
            "authors": [
                {
                    "name": "Jeremy Mikola",
                    "email": "jmikola@gmail.com"
                },
                {
                    "name": "Hannes Magnusson",
                    "email": "bjori@mongodb.com"
                },
                {
                    "name": "Derick Rethans",
                    "email": "github@derickrethans.nl"
                }
            ],
            "description": "MongoDB driver library",
            "homepage": "https://jira.mongodb.org/browse/PHPLIB",
            "keywords": [
                "database",
                "driver",
                "mongodb",
                "persistence"
            ],
            "support": {
                "issues": "https://github.com/mongodb/mongo-php-library/issues",
                "source": "https://github.com/mongodb/mongo-php-library/tree/master"
            },
            "time": "2016-12-06T14:54:33+00:00"
        }
    ],
    "packages-dev": [],
    "aliases": [],
    "minimum-stability": "stable",
    "stability-flags": [],
    "prefer-stable": false,
    "prefer-lowest": false,
    "platform": {
        "ext-json": "*"
    },
    "platform-dev": [],
    "plugin-api-version": "2.0.0"
}
